
Microsoft Visual Studio Solution File, Format Version 12.00
# Visual Studio 15
Project("{FAE04EC0-301F-11D3-BF4B-00C04F79EFBC}") = "Assembly-CSharp", "Assembly-CSharp.csproj", "{814C639D-B270-C8A3-4CFE-57CE4E9C117A}"
EndProject
Project("{FAE04EC0-301F-11D3-BF4B-00C04F79EFBC}") = "UnityDds.Tests", "UnityDds.Tests.csproj", "{9FBDB860-85F8-6D10-A68A-7B1A77C42479}"
EndProject
Project("{FAE04EC0-301F-11D3-BF4B-00C04F79EFBC}") = "UnityDds", "UnityDds.csproj", "{6D0DC8CF-B6B6-7314-E1CB-EA39C3A57783}"
EndProject
Global
	GlobalSection(SolutionConfigurationPlatforms) = preSolution
		Debug|Any CPU = Debug|Any CPU
		Release|Any CPU = Release|Any CPU
	EndGlobalSection
	GlobalSection(ProjectConfigurationPlatforms) = postSolution
		{814C639D-B270-C8A3-4CFE-57CE4E9C117A}.Debug|Any CPU.ActiveCfg = Debug|Any CPU
		{814C639D-B270-C8A3-4CFE-57CE4E9C117A}.Debug|Any CPU.Build.0 = Debug|Any CPU
		{814C639D-B270-C8A3-4CFE-57CE4E9C117A}.Release|Any CPU.ActiveCfg = Release|Any CPU
		{814C639D-B270-C8A3-4CFE-57CE4E9C117A}.Release|Any CPU.Build.0 = Release|Any CPU
		{9FBDB860-85F8-6D10-A68A-7B1A77C42479}.Debug|Any CPU.ActiveCfg = Debug|Any CPU
		{9FBDB860-85F8-6D10-A68A-7B1A77C42479}.Debug|Any CPU.Build.0 = Debug|Any CPU
		{9FBDB860-85F8-6D10-A68A-7B1A77C42479}.Release|Any CPU.ActiveCfg = Release|Any CPU
		{9FBDB860-85F8-6D10-A68A-7B1A77C42479}.Release|Any CPU.Build.0 = Release|Any CPU
		{6D0DC8CF-B6B6-7314-E1CB-EA39C3A57783}.Debug|Any CPU.ActiveCfg = Debug|Any CPU
		{6D0DC8CF-B6B6-7314-E1CB-EA39C3A57783}.Debug|Any CPU.Build.0 = Debug|Any CPU
		{6D0DC8CF-B6B6-7314-E1CB-EA39C3A57783}.Release|Any CPU.ActiveCfg = Release|Any CPU
		{6D0DC8CF-B6B6-7314-E1CB-EA39C3A57783}.Release|Any CPU.Build.0 = Release|Any CPU
	EndGlobalSection
	GlobalSection(SolutionProperties) = preSolution
		HideSolutionNode = FALSE
	EndGlobalSection
EndGlobal
